
Microsoft Visual Studio Solution File, Format Version 12.00
# Visual Studio Version 17
VisualStudioVersion = 17.11.35327.3
MinimumVisualStudioVersion = 10.0.40219.1
Project("{FAE04EC0-301F-11D3-BF4B-00C04F79EFBC}") = "Landau.Win", "Landau.Win\Landau.Win.csproj", "{CC17ED8F-BD1D-4049-93D5-CBB851F1B711}"
EndProject
Global
	GlobalSection(SolutionConfigurationPlatforms) = preSolution
		Debug|Any CPU = Debug|Any CPU
		Release|Any CPU = Release|Any CPU
	EndGlobalSection
	GlobalSection(ProjectConfigurationPlatforms) = postSolution
		{CC17ED8F-BD1D-4049-93D5-CBB851F1B711}.Debug|Any CPU.ActiveCfg = Debug|Any CPU
		{CC17ED8F-BD1D-4049-93D5-CBB851F1B711}.Debug|Any CPU.Build.0 = Debug|Any CPU
		{CC17ED8F-BD1D-4049-93D5-CBB851F1B711}.Release|Any CPU.ActiveCfg = Release|Any CPU
		{CC17ED8F-BD1D-4049-93D5-CBB851F1B711}.Release|Any CPU.Build.0 = Release|Any CPU
	EndGlobalSection
	GlobalSection(SolutionProperties) = preSolution
		HideSolutionNode = FALSE
	EndGlobalSection
	GlobalSection(ExtensibilityGlobals) = postSolution
		SolutionGuid = {815B0E4A-F078-40C5-B68E-043D164D313F}
	EndGlobalSection
EndGlobal
